
Microsoft Visual Studio Solution File, Format Version 9.00
# Visual Studio 2005
Project("{8BC9CEB8-8B4A-11D0-8D11-00A0C91BC942}") = "enum", "enum.vcproj", "{CEA91775-1BD7-4D84-8E4C-BB65F1C7743A}"
EndProject
Global
	GlobalSection(SolutionConfigurationPlatforms) = preSolution
		Debug|Win32 = Debug|Win32
		Release|Win32 = Release|Win32
	EndGlobalSection
	GlobalSection(ProjectConfigurationPlatforms) = postSolution
		{CEA91775-1BD7-4D84-8E4C-BB65F1C7743A}.Debug|Win32.ActiveCfg = Debug|Win32
		{CEA91775-1BD7-4D84-8E4C-BB65F1C7743A}.Debug|Win32.Build.0 = Debug|Win32
		{CEA91775-1BD7-4D84-8E4C-BB65F1C7743A}.Release|Win32.ActiveCfg = Release|Win32
		{CEA91775-1BD7-4D84-8E4C-BB65F1C7743A}.Release|Win32.Build.0 = Release|Win32
	EndGlobalSection
	GlobalSection(SolutionProperties) = preSolution
		HideSolutionNode = FALSE
	EndGlobalSection
EndGlobal
